{
  "originHash" : "cff0bab9c2a1c5e16b0ecd529f64312698e55da0a6ec7a6483923a9a10e3a496",
  "pins" : [
    {
      "identity" : "keychainaccess",
      "kind" : "remoteSourceControl",
      "location" : "https://github.com/kishikawakatsumi/KeychainAccess",
      "state" : {
        "revision" : "84e546727d66f1adc5439debad16270d0fdd04e7",
        "version" : "4.2.2"
      }
    },
    {
      "identity" : "pulse",
      "kind" : "remoteSourceControl",
      "location" : "https://github.com/kean/Pulse",
      "state" : {
        "revision" : "c102aaa266ac69a26d08ee6861da710283988e3b",
        "version" : "5.1.2"
      }
    }
  ],
  "version" : 3
}
